
Microsoft Visual Studio Solution File, Format Version 12.00
# Visual Studio 15
VisualStudioVersion = 15.0.28307.705
MinimumVisualStudioVersion = 10.0.40219.1
Project("{FAE04EC0-301F-11D3-BF4B-00C04F79EFBC}") = "ThreadModeler", "ThreadModeler\ThreadModeler.csproj", "{32B3F8AC-81BF-4EF1-B164-085566469162}"
EndProject
Project("{2150E333-8FDC-42A3-9474-1A3956D46DE8}") = "Solution Items", "Solution Items", "{E5158CA7-5B93-4891-8332-FCCC6109EF9A}"
	ProjectSection(SolutionItems) = preProject
		ProductInfo.cs = ProductInfo.cs
	EndProjectSection
EndProject
Project("{2150E333-8FDC-42A3-9474-1A3956D46DE8}") = "Setup", "Setup", "{DEB2A2F6-0770-4862-A046-A6DB4A6F7476}"
EndProject
Project("{930C7802-8A8C-48F9-8165-68863BCCD9DD}") = "ThreadModelerWixSetup", "Setup\ThreadModelerWixSetup\ThreadModelerWixSetup.wixproj", "{66DB422A-AD9E-4491-BC29-D34900BB527C}"
	ProjectSection(ProjectDependencies) = postProject
		{32B3F8AC-81BF-4EF1-B164-085566469162} = {32B3F8AC-81BF-4EF1-B164-085566469162}
	EndProjectSection
EndProject
Global
	GlobalSection(SubversionScc) = preSolution
		Svn-Managed = True
		Manager = AnkhSVN - Subversion Support for Visual Studio
	EndGlobalSection
	GlobalSection(SolutionConfigurationPlatforms) = preSolution
		Debug|Any CPU = Debug|Any CPU
		Debug|Mixed Platforms = Debug|Mixed Platforms
		Debug|x86 = Debug|x86
		Release|Any CPU = Release|Any CPU
		Release|Mixed Platforms = Release|Mixed Platforms
		Release|x86 = Release|x86
		Setup|Any CPU = Setup|Any CPU
		Setup|Mixed Platforms = Setup|Mixed Platforms
		Setup|x86 = Setup|x86
	EndGlobalSection
	GlobalSection(ProjectConfigurationPlatforms) = postSolution
		{32B3F8AC-81BF-4EF1-B164-085566469162}.Debug|Any CPU.ActiveCfg = Debug|Any CPU
		{32B3F8AC-81BF-4EF1-B164-085566469162}.Debug|Any CPU.Build.0 = Debug|Any CPU
		{32B3F8AC-81BF-4EF1-B164-085566469162}.Debug|Mixed Platforms.ActiveCfg = Debug|Any CPU
		{32B3F8AC-81BF-4EF1-B164-085566469162}.Debug|Mixed Platforms.Build.0 = Debug|Any CPU
		{32B3F8AC-81BF-4EF1-B164-085566469162}.Debug|x86.ActiveCfg = Debug|Any CPU
		{32B3F8AC-81BF-4EF1-B164-085566469162}.Release|Any CPU.ActiveCfg = Release|Any CPU
		{32B3F8AC-81BF-4EF1-B164-085566469162}.Release|Any CPU.Build.0 = Release|Any CPU
		{32B3F8AC-81BF-4EF1-B164-085566469162}.Release|Mixed Platforms.ActiveCfg = Release|Any CPU
		{32B3F8AC-81BF-4EF1-B164-085566469162}.Release|Mixed Platforms.Build.0 = Release|Any CPU
		{32B3F8AC-81BF-4EF1-B164-085566469162}.Release|x86.ActiveCfg = Release|Any CPU
		{32B3F8AC-81BF-4EF1-B164-085566469162}.Setup|Any CPU.ActiveCfg = Release|Any CPU
		{32B3F8AC-81BF-4EF1-B164-085566469162}.Setup|Mixed Platforms.ActiveCfg = Release|Any CPU
		{32B3F8AC-81BF-4EF1-B164-085566469162}.Setup|x86.ActiveCfg = Release|Any CPU
		{66DB422A-AD9E-4491-BC29-D34900BB527C}.Debug|Any CPU.ActiveCfg = Release|x86
		{66DB422A-AD9E-4491-BC29-D34900BB527C}.Debug|Mixed Platforms.ActiveCfg = Release|x86
		{66DB422A-AD9E-4491-BC29-D34900BB527C}.Debug|x86.ActiveCfg = Release|x86
		{66DB422A-AD9E-4491-BC29-D34900BB527C}.Release|Any CPU.ActiveCfg = Setup|x86
		{66DB422A-AD9E-4491-BC29-D34900BB527C}.Release|Mixed Platforms.ActiveCfg = Setup|x86
		{66DB422A-AD9E-4491-BC29-D34900BB527C}.Release|x86.ActiveCfg = Setup|x86
		{66DB422A-AD9E-4491-BC29-D34900BB527C}.Setup|Any CPU.ActiveCfg = Setup|x86
		{66DB422A-AD9E-4491-BC29-D34900BB527C}.Setup|Mixed Platforms.ActiveCfg = Setup|x86
		{66DB422A-AD9E-4491-BC29-D34900BB527C}.Setup|Mixed Platforms.Build.0 = Setup|x86
		{66DB422A-AD9E-4491-BC29-D34900BB527C}.Setup|x86.ActiveCfg = Setup|x86
		{66DB422A-AD9E-4491-BC29-D34900BB527C}.Setup|x86.Build.0 = Setup|x86
	EndGlobalSection
	GlobalSection(SolutionProperties) = preSolution
		HideSolutionNode = FALSE
	EndGlobalSection
	GlobalSection(NestedProjects) = preSolution
		{66DB422A-AD9E-4491-BC29-D34900BB527C} = {DEB2A2F6-0770-4862-A046-A6DB4A6F7476}
	EndGlobalSection
	GlobalSection(ExtensibilityGlobals) = postSolution
		SolutionGuid = {74C1F37F-FEFE-429A-9869-57B9B08BF72B}
	EndGlobalSection
EndGlobal
